
Microsoft Visual Studio Solution File, Format Version 12.00
# Visual Studio Version 16
VisualStudioVersion = 16.0.32510.428
MinimumVisualStudioVersion = 10.0.40219.1
Project("{FAE04EC0-301F-11D3-BF4B-00C04F79EFBC}") = "Magazine", "Magazine\Magazine.csproj", "{E15F41A1-0F35-4C8A-8AE0-F8BC37AA5CEF}"
EndProject
Global
	GlobalSection(SolutionConfigurationPlatforms) = preSolution
		Debug|Any CPU = Debug|Any CPU
		Release|Any CPU = Release|Any CPU
	EndGlobalSection
	GlobalSection(ProjectConfigurationPlatforms) = postSolution
		{E15F41A1-0F35-4C8A-8AE0-F8BC37AA5CEF}.Debug|Any CPU.ActiveCfg = Debug|Any CPU
		{E15F41A1-0F35-4C8A-8AE0-F8BC37AA5CEF}.Debug|Any CPU.Build.0 = Debug|Any CPU
		{E15F41A1-0F35-4C8A-8AE0-F8BC37AA5CEF}.Release|Any CPU.ActiveCfg = Release|Any CPU
		{E15F41A1-0F35-4C8A-8AE0-F8BC37AA5CEF}.Release|Any CPU.Build.0 = Release|Any CPU
	EndGlobalSection
	GlobalSection(SolutionProperties) = preSolution
		HideSolutionNode = FALSE
	EndGlobalSection
	GlobalSection(ExtensibilityGlobals) = postSolution
		SolutionGuid = {92FA6955-7AFA-4F7B-81D6-F708A93DD2E7}
	EndGlobalSection
EndGlobal
